
Microsoft Visual Studio Solution File, Format Version 12.00
# Visual Studio 15
VisualStudioVersion = 15.0.26730.16
MinimumVisualStudioVersion = 10.0.40219.1
Project("{FAE04EC0-301F-11D3-BF4B-00C04F79EFBC}") = "Models_03", "Models_03\Models_03.csproj", "{B1129208-F638-4FB1-86FA-8029D4BA32F7}"
EndProject
Global
	GlobalSection(SolutionConfigurationPlatforms) = preSolution
		Debug|Any CPU = Debug|Any CPU
		Release|Any CPU = Release|Any CPU
	EndGlobalSection
	GlobalSection(ProjectConfigurationPlatforms) = postSolution
		{B1129208-F638-4FB1-86FA-8029D4BA32F7}.Debug|Any CPU.ActiveCfg = Debug|Any CPU
		{B1129208-F638-4FB1-86FA-8029D4BA32F7}.Debug|Any CPU.Build.0 = Debug|Any CPU
		{B1129208-F638-4FB1-86FA-8029D4BA32F7}.Release|Any CPU.ActiveCfg = Release|Any CPU
		{B1129208-F638-4FB1-86FA-8029D4BA32F7}.Release|Any CPU.Build.0 = Release|Any CPU
	EndGlobalSection
	GlobalSection(SolutionProperties) = preSolution
		HideSolutionNode = FALSE
	EndGlobalSection
	GlobalSection(ExtensibilityGlobals) = postSolution
		SolutionGuid = {357766DF-564C-479E-87D1-28B0EA599F53}
	EndGlobalSection
EndGlobal
